
Microsoft Visual Studio Solution File, Format Version 12.00
# Visual Studio 15
VisualStudioVersion = 15.0.27130.2027
MinimumVisualStudioVersion = 10.0.40219.1
Project("{FAE04EC0-301F-11D3-BF4B-00C04F79EFBC}") = "ToDoApi", "ToDoApi\ToDoApi.csproj", "{C613E485-8658-41C3-8BED-344765FD8792}"
EndProject
Global
	GlobalSection(SolutionConfigurationPlatforms) = preSolution
		Debug|Any CPU = Debug|Any CPU
		Release|Any CPU = Release|Any CPU
	EndGlobalSection
	GlobalSection(ProjectConfigurationPlatforms) = postSolution
		{C613E485-8658-41C3-8BED-344765FD8792}.Debug|Any CPU.ActiveCfg = Debug|Any CPU
		{C613E485-8658-41C3-8BED-344765FD8792}.Debug|Any CPU.Build.0 = Debug|Any CPU
		{C613E485-8658-41C3-8BED-344765FD8792}.Release|Any CPU.ActiveCfg = Release|Any CPU
		{C613E485-8658-41C3-8BED-344765FD8792}.Release|Any CPU.Build.0 = Release|Any CPU
	EndGlobalSection
	GlobalSection(SolutionProperties) = preSolution
		HideSolutionNode = FALSE
	EndGlobalSection
	GlobalSection(ExtensibilityGlobals) = postSolution
		SolutionGuid = {E3DB11BF-17AE-4596-BDA0-864B74471413}
	EndGlobalSection
EndGlobal
